
Microsoft Visual Studio Solution File, Format Version 12.00
# Visual Studio Version 16
VisualStudioVersion = 16.0.30717.126
MinimumVisualStudioVersion = 10.0.40219.1
Project("{2150E333-8FDC-42A3-9474-1A3956D46DE8}") = "Services", "Services", "{D7DCB595-0CEA-4CF5-8D42-D622EC1DAFEE}"
EndProject
Project("{2150E333-8FDC-42A3-9474-1A3956D46DE8}") = "Catalog", "Catalog", "{D6AB301A-EACB-433B-B796-12B79246821A}"
EndProject
Project("{9A19103F-16F7-4668-BE54-9A1E7A4F7556}") = "Catalog.API", "Services\Catalog\Catalog.API\Catalog.API.csproj", "{B21717BD-A0C4-4F03-A269-0B82D461DA68}"
EndProject
Project("{E53339B2-1760-4266-BCC7-CA923CBCF16C}") = "docker-compose", "docker-compose.dcproj", "{C4D77804-4ADE-4889-93D8-4C708621078B}"
EndProject
Project("{2150E333-8FDC-42A3-9474-1A3956D46DE8}") = "Basket", "Basket", "{1791D171-743D-4036-88C1-4EB68978F2A5}"
EndProject
Project("{9A19103F-16F7-4668-BE54-9A1E7A4F7556}") = "Basket.API", "services\basket\Basket.API\Basket.API.csproj", "{6517E59A-A02D-4FF9-B007-2C22B34C57B1}"
EndProject
Project("{2150E333-8FDC-42A3-9474-1A3956D46DE8}") = "Discount", "Discount", "{4D6B3C53-FE6E-461E-95BE-C91B9F2C5EA6}"
EndProject
Project("{9A19103F-16F7-4668-BE54-9A1E7A4F7556}") = "Discount.API", "Services\Discount\Discount.API\Discount.API.csproj", "{6EBD78BF-5D2C-4E6B-9441-8659C8F13BA2}"
EndProject
Project("{9A19103F-16F7-4668-BE54-9A1E7A4F7556}") = "Discount.Grpc", "Services\Discount\Discount.Grpc\Discount.Grpc.csproj", "{B7846521-A3D6-473C-BC15-62697538D49B}"
EndProject
Project("{2150E333-8FDC-42A3-9474-1A3956D46DE8}") = "Ordering", "Ordering", "{01F4E31D-B2EB-4334-831A-F554BA2DA822}"
EndProject
Project("{9A19103F-16F7-4668-BE54-9A1E7A4F7556}") = "Ordering.API", "Services\Ordering\Ordering.API\Ordering.API.csproj", "{93B14E91-7FD6-4741-97F6-680D97DD1093}"
EndProject
Project("{9A19103F-16F7-4668-BE54-9A1E7A4F7556}") = "Ordering.Domain", "services\Ordering\Ordering.Domain\Ordering.Domain.csproj", "{4E036137-C945-454D-82E4-3B8136C4D0A6}"
EndProject
Project("{9A19103F-16F7-4668-BE54-9A1E7A4F7556}") = "Ordering.Application", "Services\Ordering\Ordering.Application\Ordering.Application.csproj", "{E18A9539-280E-4BC6-BEC5-F3C95B3A4214}"
EndProject
Project("{9A19103F-16F7-4668-BE54-9A1E7A4F7556}") = "Ordering.Infrastructure", "Services\Ordering\Ordering.Infrastructure\Ordering.Infrastructure.csproj", "{F7436BE9-3CEB-4EAC-BC15-8F3A3EEFB81D}"
EndProject
Project("{2150E333-8FDC-42A3-9474-1A3956D46DE8}") = "BuildingBlocks", "BuildingBlocks", "{D26D8B66-82EE-4E2A-9EA8-F0413C07BF11}"
EndProject
Project("{9A19103F-16F7-4668-BE54-9A1E7A4F7556}") = "EventBus.Messages", "BuildingBlocks\EventBus.Messages\EventBus.Messages.csproj", "{A0D89313-23BD-47FB-B268-921E8B027542}"
EndProject
Project("{2150E333-8FDC-42A3-9474-1A3956D46DE8}") = "ApiGateways", "ApiGateways", "{93877B10-433C-4101-B4AD-048F4DC95EA1}"
EndProject
Project("{FAE04EC0-301F-11D3-BF4B-00C04F79EFBC}") = "OcelotApiGw", "ApiGateways\OcelotApiGw\OcelotApiGw.csproj", "{B2E303F4-9223-48DB-817C-862CD64DB05D}"
EndProject
Project("{FAE04EC0-301F-11D3-BF4B-00C04F79EFBC}") = "Shopping.Aggregator", "ApiGateways\Shopping.Aggregator\Shopping.Aggregator.csproj", "{B50FC1BD-EB0F-47E7-8718-476E622B9F8A}"
EndProject
Global
	GlobalSection(SolutionConfigurationPlatforms) = preSolution
		Debug|Any CPU = Debug|Any CPU
		Release|Any CPU = Release|Any CPU
	EndGlobalSection
	GlobalSection(ProjectConfigurationPlatforms) = postSolution
		{B21717BD-A0C4-4F03-A269-0B82D461DA68}.Debug|Any CPU.ActiveCfg = Debug|Any CPU
		{B21717BD-A0C4-4F03-A269-0B82D461DA68}.Debug|Any CPU.Build.0 = Debug|Any CPU
		{B21717BD-A0C4-4F03-A269-0B82D461DA68}.Release|Any CPU.ActiveCfg = Release|Any CPU
		{B21717BD-A0C4-4F03-A269-0B82D461DA68}.Release|Any CPU.Build.0 = Release|Any CPU
		{C4D77804-4ADE-4889-93D8-4C708621078B}.Debug|Any CPU.ActiveCfg = Debug|Any CPU
		{C4D77804-4ADE-4889-93D8-4C708621078B}.Debug|Any CPU.Build.0 = Debug|Any CPU
		{C4D77804-4ADE-4889-93D8-4C708621078B}.Release|Any CPU.ActiveCfg = Release|Any CPU
		{C4D77804-4ADE-4889-93D8-4C708621078B}.Release|Any CPU.Build.0 = Release|Any CPU
		{6517E59A-A02D-4FF9-B007-2C22B34C57B1}.Debug|Any CPU.ActiveCfg = Debug|Any CPU
		{6517E59A-A02D-4FF9-B007-2C22B34C57B1}.Debug|Any CPU.Build.0 = Debug|Any CPU
		{6517E59A-A02D-4FF9-B007-2C22B34C57B1}.Release|Any CPU.ActiveCfg = Release|Any CPU
		{6517E59A-A02D-4FF9-B007-2C22B34C57B1}.Release|Any CPU.Build.0 = Release|Any CPU
		{6EBD78BF-5D2C-4E6B-9441-8659C8F13BA2}.Debug|Any CPU.ActiveCfg = Debug|Any CPU
		{6EBD78BF-5D2C-4E6B-9441-8659C8F13BA2}.Debug|Any CPU.Build.0 = Debug|Any CPU
		{6EBD78BF-5D2C-4E6B-9441-8659C8F13BA2}.Release|Any CPU.ActiveCfg = Release|Any CPU
		{6EBD78BF-5D2C-4E6B-9441-8659C8F13BA2}.Release|Any CPU.Build.0 = Release|Any CPU
		{B7846521-A3D6-473C-BC15-62697538D49B}.Debug|Any CPU.ActiveCfg = Debug|Any CPU
		{B7846521-A3D6-473C-BC15-62697538D49B}.Debug|Any CPU.Build.0 = Debug|Any CPU
		{B7846521-A3D6-473C-BC15-62697538D49B}.Release|Any CPU.ActiveCfg = Release|Any CPU
		{B7846521-A3D6-473C-BC15-62697538D49B}.Release|Any CPU.Build.0 = Release|Any CPU
		{93B14E91-7FD6-4741-97F6-680D97DD1093}.Debug|Any CPU.ActiveCfg = Debug|Any CPU
		{93B14E91-7FD6-4741-97F6-680D97DD1093}.Debug|Any CPU.Build.0 = Debug|Any CPU
		{93B14E91-7FD6-4741-97F6-680D97DD1093}.Release|Any CPU.ActiveCfg = Release|Any CPU
		{93B14E91-7FD6-4741-97F6-680D97DD1093}.Release|Any CPU.Build.0 = Release|Any CPU
		{4E036137-C945-454D-82E4-3B8136C4D0A6}.Debug|Any CPU.ActiveCfg = Debug|Any CPU
		{4E036137-C945-454D-82E4-3B8136C4D0A6}.Debug|Any CPU.Build.0 = Debug|Any CPU
		{4E036137-C945-454D-82E4-3B8136C4D0A6}.Release|Any CPU.ActiveCfg = Release|Any CPU
		{4E036137-C945-454D-82E4-3B8136C4D0A6}.Release|Any CPU.Build.0 = Release|Any CPU
		{E18A9539-280E-4BC6-BEC5-F3C95B3A4214}.Debug|Any CPU.ActiveCfg = Debug|Any CPU
		{E18A9539-280E-4BC6-BEC5-F3C95B3A4214}.Debug|Any CPU.Build.0 = Debug|Any CPU
		{E18A9539-280E-4BC6-BEC5-F3C95B3A4214}.Release|Any CPU.ActiveCfg = Release|Any CPU
		{E18A9539-280E-4BC6-BEC5-F3C95B3A4214}.Release|Any CPU.Build.0 = Release|Any CPU
		{F7436BE9-3CEB-4EAC-BC15-8F3A3EEFB81D}.Debug|Any CPU.ActiveCfg = Debug|Any CPU
		{F7436BE9-3CEB-4EAC-BC15-8F3A3EEFB81D}.Debug|Any CPU.Build.0 = Debug|Any CPU
		{F7436BE9-3CEB-4EAC-BC15-8F3A3EEFB81D}.Release|Any CPU.ActiveCfg = Release|Any CPU
		{F7436BE9-3CEB-4EAC-BC15-8F3A3EEFB81D}.Release|Any CPU.Build.0 = Release|Any CPU
		{A0D89313-23BD-47FB-B268-921E8B027542}.Debug|Any CPU.ActiveCfg = Debug|Any CPU
		{A0D89313-23BD-47FB-B268-921E8B027542}.Debug|Any CPU.Build.0 = Debug|Any CPU
		{A0D89313-23BD-47FB-B268-921E8B027542}.Release|Any CPU.ActiveCfg = Release|Any CPU
		{A0D89313-23BD-47FB-B268-921E8B027542}.Release|Any CPU.Build.0 = Release|Any CPU
		{B2E303F4-9223-48DB-817C-862CD64DB05D}.Debug|Any CPU.ActiveCfg = Debug|Any CPU
		{B2E303F4-9223-48DB-817C-862CD64DB05D}.Debug|Any CPU.Build.0 = Debug|Any CPU
		{B2E303F4-9223-48DB-817C-862CD64DB05D}.Release|Any CPU.ActiveCfg = Release|Any CPU
		{B2E303F4-9223-48DB-817C-862CD64DB05D}.Release|Any CPU.Build.0 = Release|Any CPU
		{B50FC1BD-EB0F-47E7-8718-476E622B9F8A}.Debug|Any CPU.ActiveCfg = Debug|Any CPU
		{B50FC1BD-EB0F-47E7-8718-476E622B9F8A}.Debug|Any CPU.Build.0 = Debug|Any CPU
		{B50FC1BD-EB0F-47E7-8718-476E622B9F8A}.Release|Any CPU.ActiveCfg = Release|Any CPU
		{B50FC1BD-EB0F-47E7-8718-476E622B9F8A}.Release|Any CPU.Build.0 = Release|Any CPU
	EndGlobalSection
	GlobalSection(SolutionProperties) = preSolution
		HideSolutionNode = FALSE
	EndGlobalSection
	GlobalSection(NestedProjects) = preSolution
		{D6AB301A-EACB-433B-B796-12B79246821A} = {D7DCB595-0CEA-4CF5-8D42-D622EC1DAFEE}
		{B21717BD-A0C4-4F03-A269-0B82D461DA68} = {D6AB301A-EACB-433B-B796-12B79246821A}
		{1791D171-743D-4036-88C1-4EB68978F2A5} = {D7DCB595-0CEA-4CF5-8D42-D622EC1DAFEE}
		{6517E59A-A02D-4FF9-B007-2C22B34C57B1} = {1791D171-743D-4036-88C1-4EB68978F2A5}
		{4D6B3C53-FE6E-461E-95BE-C91B9F2C5EA6} = {D7DCB595-0CEA-4CF5-8D42-D622EC1DAFEE}
		{6EBD78BF-5D2C-4E6B-9441-8659C8F13BA2} = {4D6B3C53-FE6E-461E-95BE-C91B9F2C5EA6}
		{B7846521-A3D6-473C-BC15-62697538D49B} = {4D6B3C53-FE6E-461E-95BE-C91B9F2C5EA6}
		{01F4E31D-B2EB-4334-831A-F554BA2DA822} = {D7DCB595-0CEA-4CF5-8D42-D622EC1DAFEE}
		{93B14E91-7FD6-4741-97F6-680D97DD1093} = {01F4E31D-B2EB-4334-831A-F554BA2DA822}
		{4E036137-C945-454D-82E4-3B8136C4D0A6} = {01F4E31D-B2EB-4334-831A-F554BA2DA822}
		{E18A9539-280E-4BC6-BEC5-F3C95B3A4214} = {01F4E31D-B2EB-4334-831A-F554BA2DA822}
		{F7436BE9-3CEB-4EAC-BC15-8F3A3EEFB81D} = {01F4E31D-B2EB-4334-831A-F554BA2DA822}
		{A0D89313-23BD-47FB-B268-921E8B027542} = {D26D8B66-82EE-4E2A-9EA8-F0413C07BF11}
		{B2E303F4-9223-48DB-817C-862CD64DB05D} = {93877B10-433C-4101-B4AD-048F4DC95EA1}
		{B50FC1BD-EB0F-47E7-8718-476E622B9F8A} = {93877B10-433C-4101-B4AD-048F4DC95EA1}
	EndGlobalSection
	GlobalSection(ExtensibilityGlobals) = postSolution
		SolutionGuid = {681B397F-9CF5-4330-88AD-E9791AA34EB0}
	EndGlobalSection
EndGlobal
